
Microsoft Visual Studio Solution File, Format Version 12.00
# Visual Studio Version 17
VisualStudioVersion = 17.8.34408.163
MinimumVisualStudioVersion = 10.0.40219.1
Project("{FAE04EC0-301F-11D3-BF4B-00C04F79EFBC}") = "DenominationRoutineApp", "DenominationRoutineApp\DenominationRoutineApp.csproj", "{7E723A88-7901-45C1-B278-8FDCFA037369}"
EndProject
Global
	GlobalSection(SolutionConfigurationPlatforms) = preSolution
		Debug|Any CPU = Debug|Any CPU
		Release|Any CPU = Release|Any CPU
	EndGlobalSection
	GlobalSection(ProjectConfigurationPlatforms) = postSolution
		{7E723A88-7901-45C1-B278-8FDCFA037369}.Debug|Any CPU.ActiveCfg = Debug|Any CPU
		{7E723A88-7901-45C1-B278-8FDCFA037369}.Debug|Any CPU.Build.0 = Debug|Any CPU
		{7E723A88-7901-45C1-B278-8FDCFA037369}.Release|Any CPU.ActiveCfg = Release|Any CPU
		{7E723A88-7901-45C1-B278-8FDCFA037369}.Release|Any CPU.Build.0 = Release|Any CPU
	EndGlobalSection
	GlobalSection(SolutionProperties) = preSolution
		HideSolutionNode = FALSE
	EndGlobalSection
	GlobalSection(ExtensibilityGlobals) = postSolution
		SolutionGuid = {73CBE0C5-6FA9-4660-BF84-F45D7E2B90DE}
	EndGlobalSection
EndGlobal
